// !$*UTF8*$!
{
	archiveVersion = 1;
	classes = {
	};
	objectVersion = 56;
	objects = {

/* Begin PBXBuildFile section */
		7259A54C2C8ED8A500F61F0E /* NetworkExtension.framework in Frameworks */ = {isa = PBXBuildFile; fileRef = 7259A54B2C8ED8A500F61F0E /* NetworkExtension.framework */; };
		7259A54F2C8ED8A500F61F0E /* PacketTunnelProvider.swift in Sources */ = {isa = PBXBuildFile; fileRef = 7259A54E2C8ED8A500F61F0E /* PacketTunnelProvider.swift */; };
		7259A5562C8ED8E000F61F0E /* FilePath.swift in Sources */ = {isa = PBXBuildFile; fileRef = 7259A5552C8ED8DF00F61F0E /* FilePath.swift */; };
		7259A55A2C8ED99400F61F0E /* Libcore.xcframework in Frameworks */ = {isa = PBXBuildFile; fileRef = 7259A5592C8ED99400F61F0E /* Libcore.xcframework */; };
		7259A5612C8EDB1D00F61F0E /* Extension+RunBlocking.swift in Sources */ = {isa = PBXBuildFile; fileRef = 7259A55D2C8EDB1D00F61F0E /* Extension+RunBlocking.swift */; };
		7259A5622C8EDB1D00F61F0E /* SingBox.swift in Sources */ = {isa = PBXBuildFile; fileRef = 7259A55E2C8EDB1D00F61F0E /* SingBox.swift */; };
		7259A5642C8EDB1D00F61F0E /* ExtensionPlatformInterface.swift in Sources */ = {isa = PBXBuildFile; fileRef = 7259A5602C8EDB1D00F61F0E /* ExtensionPlatformInterface.swift */; };
		7259A5662C8EDCAF00F61F0E /* libresolv.tbd in Frameworks */ = {isa = PBXBuildFile; fileRef = 7259A5652C8EDCA400F61F0E /* libresolv.tbd */; };
/* End PBXBuildFile section */

/* Begin PBXFileReference section */
		7259A5482C8ED8A500F61F0E /* SboxPacketTunnel.appex */ = {isa = PBXFileReference; explicitFileType = "wrapper.app-extension"; includeInIndex = 0; path = SboxPacketTunnel.appex; sourceTree = BUILT_PRODUCTS_DIR; };
		7259A54B2C8ED8A500F61F0E /* NetworkExtension.framework */ = {isa = PBXFileReference; lastKnownFileType = wrapper.framework; name = NetworkExtension.framework; path = System/Library/Frameworks/NetworkExtension.framework; sourceTree = SDKROOT; };
		7259A54E2C8ED8A500F61F0E /* PacketTunnelProvider.swift */ = {isa = PBXFileReference; lastKnownFileType = sourcecode.swift; path = PacketTunnelProvider.swift; sourceTree = "<group>"; };
		7259A5502C8ED8A500F61F0E /* Info.plist */ = {isa = PBXFileReference; lastKnownFileType = text.plist.xml; path = Info.plist; sourceTree = "<group>"; };
		7259A5512C8ED8A500F61F0E /* SboxPacketTunnel.entitlements */ = {isa = PBXFileReference; lastKnownFileType = text.plist.entitlements; path = SboxPacketTunnel.entitlements; sourceTree = "<group>"; };
		7259A5552C8ED8DF00F61F0E /* FilePath.swift */ = {isa = PBXFileReference; lastKnownFileType = sourcecode.swift; path = FilePath.swift; sourceTree = "<group>"; };
		7259A5592C8ED99400F61F0E /* Libcore.xcframework */ = {isa = PBXFileReference; lastKnownFileType = wrapper.xcframework; name = Libcore.xcframework; path = Frameworks/Libcore.xcframework; sourceTree = "<group>"; };
		7259A55D2C8EDB1D00F61F0E /* Extension+RunBlocking.swift */ = {isa = PBXFileReference; fileEncoding = 4; lastKnownFileType = sourcecode.swift; path = "Extension+RunBlocking.swift"; sourceTree = "<group>"; };
		7259A55E2C8EDB1D00F61F0E /* SingBox.swift */ = {isa = PBXFileReference; fileEncoding = 4; lastKnownFileType = sourcecode.swift; path = SingBox.swift; sourceTree = "<group>"; };
		7259A5602C8EDB1D00F61F0E /* ExtensionPlatformInterface.swift */ = {isa = PBXFileReference; fileEncoding = 4; lastKnownFileType = sourcecode.swift; path = ExtensionPlatformInterface.swift; sourceTree = "<group>"; };
		7259A5652C8EDCA400F61F0E /* libresolv.tbd */ = {isa = PBXFileReference; lastKnownFileType = "sourcecode.text-based-dylib-definition"; name = libresolv.tbd; path = Platforms/iPhoneOS.platform/Developer/SDKs/iPhoneOS17.5.sdk/usr/lib/libresolv.tbd; sourceTree = DEVELOPER_DIR; };
		7259A5672C8EDD5500F61F0E /* Classes */ = {isa = PBXFileReference; lastKnownFileType = folder; path = Classes; sourceTree = "<group>"; };
		7259A5682C8EDD5500F61F0E /* Assets */ = {isa = PBXFileReference; lastKnownFileType = folder; path = Assets; sourceTree = "<group>"; };
		7259A5692C8EDD5500F61F0E /* flutter_sbox.podspec */ = {isa = PBXFileReference; lastKnownFileType = text; path = flutter_sbox.podspec; sourceTree = "<group>"; xcLanguageSpecificationIdentifier = xcode.lang.ruby; };
		7259A56A2C8EDE6900F61F0E /* Frameworks */ = {isa = PBXFileReference; lastKnownFileType = folder; path = Frameworks; sourceTree = "<group>"; };
/* End PBXFileReference section */

/* Begin PBXFrameworksBuildPhase section */
		7259A5452C8ED8A500F61F0E /* Frameworks */ = {
			isa = PBXFrameworksBuildPhase;
			buildActionMask = 2147483647;
			files = (
				7259A55A2C8ED99400F61F0E /* Libcore.xcframework in Frameworks */,
				7259A54C2C8ED8A500F61F0E /* NetworkExtension.framework in Frameworks */,
				7259A5662C8EDCAF00F61F0E /* libresolv.tbd in Frameworks */,
			);
			runOnlyForDeploymentPostprocessing = 0;
		};
/* End PBXFrameworksBuildPhase section */

/* Begin PBXGroup section */
		724CA3C12C8ED7F800A3A52F = {
			isa = PBXGroup;
			children = (
				7259A5692C8EDD5500F61F0E /* flutter_sbox.podspec */,
				7259A56A2C8EDE6900F61F0E /* Frameworks */,
				7259A5682C8EDD5500F61F0E /* Assets */,
				7259A5672C8EDD5500F61F0E /* Classes */,
				7259A54D2C8ED8A500F61F0E /* SboxPacketTunnel */,
				7259A54A2C8ED8A500F61F0E /* Frameworks */,
				7259A5492C8ED8A500F61F0E /* Products */,
			);
			sourceTree = "<group>";
		};
		7259A5492C8ED8A500F61F0E /* Products */ = {
			isa = PBXGroup;
			children = (
				7259A5482C8ED8A500F61F0E /* SboxPacketTunnel.appex */,
			);
			name = Products;
			sourceTree = "<group>";
		};
		7259A54A2C8ED8A500F61F0E /* Frameworks */ = {
			isa = PBXGroup;
			children = (
				7259A5652C8EDCA400F61F0E /* libresolv.tbd */,
				7259A54B2C8ED8A500F61F0E /* NetworkExtension.framework */,
				7259A5592C8ED99400F61F0E /* Libcore.xcframework */,
			);
			name = Frameworks;
			sourceTree = "<group>";
		};
		7259A54D2C8ED8A500F61F0E /* SboxPacketTunnel */ = {
			isa = PBXGroup;
			children = (
				7259A5502C8ED8A500F61F0E /* Info.plist */,
				7259A5512C8ED8A500F61F0E /* SboxPacketTunnel.entitlements */,
				7259A54E2C8ED8A500F61F0E /* PacketTunnelProvider.swift */,
				7259A5552C8ED8DF00F61F0E /* FilePath.swift */,
				7259A55D2C8EDB1D00F61F0E /* Extension+RunBlocking.swift */,
				7259A5602C8EDB1D00F61F0E /* ExtensionPlatformInterface.swift */,
				7259A55E2C8EDB1D00F61F0E /* SingBox.swift */,
			);
			path = SboxPacketTunnel;
			sourceTree = "<group>";
		};
/* End PBXGroup section */

/* Begin PBXNativeTarget section */
		7259A5472C8ED8A500F61F0E /* SboxPacketTunnel */ = {
			isa = PBXNativeTarget;
			buildConfigurationList = 7259A5542C8ED8A500F61F0E /* Build configuration list for PBXNativeTarget "SboxPacketTunnel" */;
			buildPhases = (
				7259A5442C8ED8A500F61F0E /* Sources */,
				7259A5452C8ED8A500F61F0E /* Frameworks */,
				7259A5462C8ED8A500F61F0E /* Resources */,
			);
			buildRules = (
			);
			dependencies = (
			);
			name = SboxPacketTunnel;
			productName = SboxPacketTunnel;
			productReference = 7259A5482C8ED8A500F61F0E /* SboxPacketTunnel.appex */;
			productType = "com.apple.product-type.app-extension";
		};
/* End PBXNativeTarget section */

/* Begin PBXProject section */
		724CA3C22C8ED7F800A3A52F /* Project object */ = {
			isa = PBXProject;
			attributes = {
				BuildIndependentTargetsInParallel = 1;
				LastSwiftUpdateCheck = 1540;
				LastUpgradeCheck = 1540;
				TargetAttributes = {
					7259A5472C8ED8A500F61F0E = {
						CreatedOnToolsVersion = 15.4;
					};
				};
			};
			buildConfigurationList = 724CA3C52C8ED7F800A3A52F /* Build configuration list for PBXProject "flutter_sbox" */;
			compatibilityVersion = "Xcode 14.0";
			developmentRegion = en;
			hasScannedForEncodings = 0;
			knownRegions = (
				en,
				Base,
			);
			mainGroup = 724CA3C12C8ED7F800A3A52F;
			productRefGroup = 7259A5492C8ED8A500F61F0E /* Products */;
			projectDirPath = "";
			projectRoot = "";
			targets = (
				7259A5472C8ED8A500F61F0E /* SboxPacketTunnel */,
			);
		};
/* End PBXProject section */

/* Begin PBXResourcesBuildPhase section */
		7259A5462C8ED8A500F61F0E /* Resources */ = {
			isa = PBXResourcesBuildPhase;
			buildActionMask = 2147483647;
			files = (
			);
			runOnlyForDeploymentPostprocessing = 0;
		};
/* End PBXResourcesBuildPhase section */

/* Begin PBXSourcesBuildPhase section */
		7259A5442C8ED8A500F61F0E /* Sources */ = {
			isa = PBXSourcesBuildPhase;
			buildActionMask = 2147483647;
			files = (
				7259A5562C8ED8E000F61F0E /* FilePath.swift in Sources */,
				7259A54F2C8ED8A500F61F0E /* PacketTunnelProvider.swift in Sources */,
				7259A5622C8EDB1D00F61F0E /* SingBox.swift in Sources */,
				7259A5642C8EDB1D00F61F0E /* ExtensionPlatformInterface.swift in Sources */,
				7259A5612C8EDB1D00F61F0E /* Extension+RunBlocking.swift in Sources */,
			);
			runOnlyForDeploymentPostprocessing = 0;
		};
/* End PBXSourcesBuildPhase section */

/* Begin XCBuildConfiguration section */
		724CA3C62C8ED7F800A3A52F /* Debug */ = {
			isa = XCBuildConfiguration;
			buildSettings = {
				IPHONEOS_DEPLOYMENT_TARGET = 13.0;
			};
			name = Debug;
		};
		724CA3C72C8ED7F800A3A52F /* Release */ = {
			isa = XCBuildConfiguration;
			buildSettings = {
				IPHONEOS_DEPLOYMENT_TARGET = 13.0;
			};
			name = Release;
		};
		7259A5522C8ED8A500F61F0E /* Debug */ = {
			isa = XCBuildConfiguration;
			buildSettings = {
				ALWAYS_SEARCH_USER_PATHS = NO;
				ASSETCATALOG_COMPILER_GENERATE_SWIFT_ASSET_SYMBOL_EXTENSIONS = YES;
				CLANG_ANALYZER_NONNULL = YES;
				CLANG_ANALYZER_NUMBER_OBJECT_CONVERSION = YES_AGGRESSIVE;
				CLANG_CXX_LANGUAGE_STANDARD = "gnu++20";
				CLANG_ENABLE_MODULES = YES;
				CLANG_ENABLE_OBJC_ARC = YES;
				CLANG_ENABLE_OBJC_WEAK = YES;
				CLANG_WARN_BLOCK_CAPTURE_AUTORELEASING = YES;
				CLANG_WARN_BOOL_CONVERSION = YES;
				CLANG_WARN_COMMA = YES;
				CLANG_WARN_CONSTANT_CONVERSION = YES;
				CLANG_WARN_DEPRECATED_OBJC_IMPLEMENTATIONS = YES;
				CLANG_WARN_DIRECT_OBJC_ISA_USAGE = YES_ERROR;
				CLANG_WARN_DOCUMENTATION_COMMENTS = YES;
				CLANG_WARN_EMPTY_BODY = YES;
				CLANG_WARN_ENUM_CONVERSION = YES;
				CLANG_WARN_INFINITE_RECURSION = YES;
				CLANG_WARN_INT_CONVERSION = YES;
				CLANG_WARN_NON_LITERAL_NULL_CONVERSION = YES;
				CLANG_WARN_OBJC_IMPLICIT_RETAIN_SELF = YES;
				CLANG_WARN_OBJC_LITERAL_CONVERSION = YES;
				CLANG_WARN_OBJC_ROOT_CLASS = YES_ERROR;
				CLANG_WARN_QUOTED_INCLUDE_IN_FRAMEWORK_HEADER = YES;
				CLANG_WARN_RANGE_LOOP_ANALYSIS = YES;
				CLANG_WARN_STRICT_PROTOTYPES = YES;
				CLANG_WARN_SUSPICIOUS_MOVE = YES;
				CLANG_WARN_UNGUARDED_AVAILABILITY = YES_AGGRESSIVE;
				CLANG_WARN_UNREACHABLE_CODE = YES;
				CLANG_WARN__DUPLICATE_METHOD_MATCH = YES;
				CODE_SIGN_ENTITLEMENTS = SboxPacketTunnel/SboxPacketTunnel.entitlements;
				CODE_SIGN_STYLE = Automatic;
				COPY_PHASE_STRIP = NO;
				CURRENT_PROJECT_VERSION = 1;
				DEBUG_INFORMATION_FORMAT = dwarf;
				DEVELOPMENT_TEAM = JYY26485S5;
				ENABLE_STRICT_OBJC_MSGSEND = YES;
				ENABLE_TESTABILITY = YES;
				ENABLE_USER_SCRIPT_SANDBOXING = YES;
				GCC_C_LANGUAGE_STANDARD = gnu17;
				GCC_DYNAMIC_NO_PIC = NO;
				GCC_NO_COMMON_BLOCKS = YES;
				GCC_OPTIMIZATION_LEVEL = 0;
				GCC_PREPROCESSOR_DEFINITIONS = (
					"DEBUG=1",
					"$(inherited)",
				);
				GCC_WARN_64_TO_32_BIT_CONVERSION = YES;
				GCC_WARN_ABOUT_RETURN_TYPE = YES_ERROR;
				GCC_WARN_UNDECLARED_SELECTOR = YES;
				GCC_WARN_UNINITIALIZED_AUTOS = YES_AGGRESSIVE;
				GCC_WARN_UNUSED_FUNCTION = YES;
				GCC_WARN_UNUSED_VARIABLE = YES;
				GENERATE_INFOPLIST_FILE = YES;
				INFOPLIST_FILE = SboxPacketTunnel/Info.plist;
				INFOPLIST_KEY_CFBundleDisplayName = SboxPacketTunnel;
				INFOPLIST_KEY_NSHumanReadableCopyright = "";
				IPHONEOS_DEPLOYMENT_TARGET = 13.0;
				LD_RUNPATH_SEARCH_PATHS = (
					"$(inherited)",
					"@executable_path/Frameworks",
					"@executable_path/../../Frameworks",
				);
				LOCALIZATION_PREFERS_STRING_CATALOGS = YES;
				MARKETING_VERSION = 1.0;
				MTL_ENABLE_DEBUG_INFO = INCLUDE_SOURCE;
				MTL_FAST_MATH = YES;
				ONLY_ACTIVE_ARCH = YES;
				PRODUCT_BUNDLE_IDENTIFIER = com.billcoding.flutterSbox.SboxPacketTunnel;
				PRODUCT_NAME = "$(TARGET_NAME)";
				SDKROOT = iphoneos;
				SKIP_INSTALL = YES;
				SWIFT_ACTIVE_COMPILATION_CONDITIONS = "DEBUG $(inherited)";
				SWIFT_EMIT_LOC_STRINGS = YES;
				SWIFT_OPTIMIZATION_LEVEL = "-Onone";
				SWIFT_VERSION = 5.0;
				TARGETED_DEVICE_FAMILY = "1,2";
			};
			name = Debug;
		};
		7259A5532C8ED8A500F61F0E /* Release */ = {
			isa = XCBuildConfiguration;
			buildSettings = {
				ALWAYS_SEARCH_USER_PATHS = NO;
				ASSETCATALOG_COMPILER_GENERATE_SWIFT_ASSET_SYMBOL_EXTENSIONS = YES;
				CLANG_ANALYZER_NONNULL = YES;
				CLANG_ANALYZER_NUMBER_OBJECT_CONVERSION = YES_AGGRESSIVE;
				CLANG_CXX_LANGUAGE_STANDARD = "gnu++20";
				CLANG_ENABLE_MODULES = YES;
				CLANG_ENABLE_OBJC_ARC = YES;
				CLANG_ENABLE_OBJC_WEAK = YES;
				CLANG_WARN_BLOCK_CAPTURE_AUTORELEASING = YES;
				CLANG_WARN_BOOL_CONVERSION = YES;
				CLANG_WARN_COMMA = YES;
				CLANG_WARN_CONSTANT_CONVERSION = YES;
				CLANG_WARN_DEPRECATED_OBJC_IMPLEMENTATIONS = YES;
				CLANG_WARN_DIRECT_OBJC_ISA_USAGE = YES_ERROR;
				CLANG_WARN_DOCUMENTATION_COMMENTS = YES;
				CLANG_WARN_EMPTY_BODY = YES;
				CLANG_WARN_ENUM_CONVERSION = YES;
				CLANG_WARN_INFINITE_RECURSION = YES;
				CLANG_WARN_INT_CONVERSION = YES;
				CLANG_WARN_NON_LITERAL_NULL_CONVERSION = YES;
				CLANG_WARN_OBJC_IMPLICIT_RETAIN_SELF = YES;
				CLANG_WARN_OBJC_LITERAL_CONVERSION = YES;
				CLANG_WARN_OBJC_ROOT_CLASS = YES_ERROR;
				CLANG_WARN_QUOTED_INCLUDE_IN_FRAMEWORK_HEADER = YES;
				CLANG_WARN_RANGE_LOOP_ANALYSIS = YES;
				CLANG_WARN_STRICT_PROTOTYPES = YES;
				CLANG_WARN_SUSPICIOUS_MOVE = YES;
				CLANG_WARN_UNGUARDED_AVAILABILITY = YES_AGGRESSIVE;
				CLANG_WARN_UNREACHABLE_CODE = YES;
				CLANG_WARN__DUPLICATE_METHOD_MATCH = YES;
				CODE_SIGN_ENTITLEMENTS = SboxPacketTunnel/SboxPacketTunnel.entitlements;
				CODE_SIGN_STYLE = Automatic;
				COPY_PHASE_STRIP = NO;
				CURRENT_PROJECT_VERSION = 1;
				DEBUG_INFORMATION_FORMAT = "dwarf-with-dsym";
				DEVELOPMENT_TEAM = JYY26485S5;
				ENABLE_NS_ASSERTIONS = NO;
				ENABLE_STRICT_OBJC_MSGSEND = YES;
				ENABLE_USER_SCRIPT_SANDBOXING = YES;
				GCC_C_LANGUAGE_STANDARD = gnu17;
				GCC_NO_COMMON_BLOCKS = YES;
				GCC_WARN_64_TO_32_BIT_CONVERSION = YES;
				GCC_WARN_ABOUT_RETURN_TYPE = YES_ERROR;
				GCC_WARN_UNDECLARED_SELECTOR = YES;
				GCC_WARN_UNINITIALIZED_AUTOS = YES_AGGRESSIVE;
				GCC_WARN_UNUSED_FUNCTION = YES;
				GCC_WARN_UNUSED_VARIABLE = YES;
				GENERATE_INFOPLIST_FILE = YES;
				INFOPLIST_FILE = SboxPacketTunnel/Info.plist;
				INFOPLIST_KEY_CFBundleDisplayName = SboxPacketTunnel;
				INFOPLIST_KEY_NSHumanReadableCopyright = "";
				IPHONEOS_DEPLOYMENT_TARGET = 13.0;
				LD_RUNPATH_SEARCH_PATHS = (
					"$(inherited)",
					"@executable_path/Frameworks",
					"@executable_path/../../Frameworks",
				);
				LOCALIZATION_PREFERS_STRING_CATALOGS = YES;
				MARKETING_VERSION = 1.0;
				MTL_ENABLE_DEBUG_INFO = NO;
				MTL_FAST_MATH = YES;
				PRODUCT_BUNDLE_IDENTIFIER = com.billcoding.flutterSbox.SboxPacketTunnel;
				PRODUCT_NAME = "$(TARGET_NAME)";
				SDKROOT = iphoneos;
				SKIP_INSTALL = YES;
				SWIFT_COMPILATION_MODE = wholemodule;
				SWIFT_EMIT_LOC_STRINGS = YES;
				SWIFT_VERSION = 5.0;
				TARGETED_DEVICE_FAMILY = "1,2";
				VALIDATE_PRODUCT = YES;
			};
			name = Release;
		};
/* End XCBuildConfiguration section */

/* Begin XCConfigurationList section */
		724CA3C52C8ED7F800A3A52F /* Build configuration list for PBXProject "flutter_sbox" */ = {
			isa = XCConfigurationList;
			buildConfigurations = (
				724CA3C62C8ED7F800A3A52F /* Debug */,
				724CA3C72C8ED7F800A3A52F /* Release */,
			);
			defaultConfigurationIsVisible = 0;
			defaultConfigurationName = Release;
		};
		7259A5542C8ED8A500F61F0E /* Build configuration list for PBXNativeTarget "SboxPacketTunnel" */ = {
			isa = XCConfigurationList;
			buildConfigurations = (
				7259A5522C8ED8A500F61F0E /* Debug */,
				7259A5532C8ED8A500F61F0E /* Release */,
			);
			defaultConfigurationIsVisible = 0;
			defaultConfigurationName = Release;
		};
/* End XCConfigurationList section */
	};
	rootObject = 724CA3C22C8ED7F800A3A52F /* Project object */;
}
